
Microsoft Visual Studio Solution File, Format Version 12.00
Project("{FAE04EC0-301F-11D3-BF4B-00C04F79EFBC}") = "LINQ", "LINQ\LINQ.csproj", "{47D804B5-959F-4FEE-8E84-7BB81A6C4FBC}"
EndProject
Global
	GlobalSection(SolutionConfigurationPlatforms) = preSolution
		Debug|Any CPU = Debug|Any CPU
		Release|Any CPU = Release|Any CPU
	EndGlobalSection
	GlobalSection(ProjectConfigurationPlatforms) = postSolution
		{47D804B5-959F-4FEE-8E84-7BB81A6C4FBC}.Debug|Any CPU.ActiveCfg = Debug|Any CPU
		{47D804B5-959F-4FEE-8E84-7BB81A6C4FBC}.Debug|Any CPU.Build.0 = Debug|Any CPU
		{47D804B5-959F-4FEE-8E84-7BB81A6C4FBC}.Release|Any CPU.ActiveCfg = Release|Any CPU
		{47D804B5-959F-4FEE-8E84-7BB81A6C4FBC}.Release|Any CPU.Build.0 = Release|Any CPU
	EndGlobalSection
EndGlobal
